{
    "_meta": {
        "hash": {
            "sha256": "957c7124d0643c344c3a2856bc6ce7f60975171c67e7f90f486f57247b81c083"
        },
        "pipfile-spec": 6,
        "requires": {
            "python_version": "3.9"
        },
        "sources": [
            {
                "name": "pypi",
                "url": "https://pypi.python.org/simple",
                "verify_ssl": true
            }
        ]
    },
    "default": {
        "solidpython": {
            "git": "https://github.com/SolidCode/SolidPython.git",
            "ref": "37417daac6397e7fdeab511136567536840f782a"
        }
    },
    "develop": {}
}
